{
  "name": "simple-wam-host",
  "version": "1.0.0",
  "lockfileVersion": 2,
  "requires": true,
  "packages": {
    "": {
      "name": "simple-wam-host",
      "version": "1.0.0",
      "license": "ISC",
      "devDependencies": {
        "@webaudiomodules/sdk": "^0.0.10"
      }
    },
    "node_modules/@webaudiomodules/sdk": {
      "version": "0.0.10",
      "resolved": "https://registry.npmjs.org/@webaudiomodules/sdk/-/sdk-0.0.10.tgz",
      "integrity": "sha512-owzwJL3ETntGH325vxDZ5vJlrEIYlhqVjw9xu1z+M1zebX7vcWAzh/Bf6GxISFeKoVSH4te90q1BYPdzmh+PeA==",
      "dev": true
    }
  },
  "dependencies": {
    "@webaudiomodules/sdk": {
      "version": "0.0.10",
      "resolved": "https://registry.npmjs.org/@webaudiomodules/sdk/-/sdk-0.0.10.tgz",
      "integrity": "sha512-owzwJL3ETntGH325vxDZ5vJlrEIYlhqVjw9xu1z+M1zebX7vcWAzh/Bf6GxISFeKoVSH4te90q1BYPdzmh+PeA==",
      "dev": true
    }
  }
}
